
Microsoft Visual Studio Solution File, Format Version 12.00
# Visual Studio Version 16
VisualStudioVersion = 16.0.29409.12
MinimumVisualStudioVersion = 10.0.40219.1
Project("{FAE04EC0-301F-11D3-BF4B-00C04F79EFBC}") = "BackupClient", "BackupClient\BackupClient\BackupClient.csproj", "{0591BB03-0747-46ED-B744-4F958F8871A6}"
EndProject
Project("{FAE04EC0-301F-11D3-BF4B-00C04F79EFBC}") = "BackupServer", "BackupServer\BackupServer\BackupServer.csproj", "{C43CD0C0-24E4-4F80-81A4-2D202DD12DE5}"
EndProject
Global
	GlobalSection(SolutionConfigurationPlatforms) = preSolution
		Debug|Any CPU = Debug|Any CPU
		Release|Any CPU = Release|Any CPU
	EndGlobalSection
	GlobalSection(ProjectConfigurationPlatforms) = postSolution
		{0591BB03-0747-46ED-B744-4F958F8871A6}.Debug|Any CPU.ActiveCfg = Debug|Any CPU
		{0591BB03-0747-46ED-B744-4F958F8871A6}.Debug|Any CPU.Build.0 = Debug|Any CPU
		{0591BB03-0747-46ED-B744-4F958F8871A6}.Release|Any CPU.ActiveCfg = Release|Any CPU
		{0591BB03-0747-46ED-B744-4F958F8871A6}.Release|Any CPU.Build.0 = Release|Any CPU
		{C43CD0C0-24E4-4F80-81A4-2D202DD12DE5}.Debug|Any CPU.ActiveCfg = Debug|Any CPU
		{C43CD0C0-24E4-4F80-81A4-2D202DD12DE5}.Debug|Any CPU.Build.0 = Debug|Any CPU
		{C43CD0C0-24E4-4F80-81A4-2D202DD12DE5}.Release|Any CPU.ActiveCfg = Release|Any CPU
		{C43CD0C0-24E4-4F80-81A4-2D202DD12DE5}.Release|Any CPU.Build.0 = Release|Any CPU
	EndGlobalSection
	GlobalSection(SolutionProperties) = preSolution
		HideSolutionNode = FALSE
	EndGlobalSection
	GlobalSection(ExtensibilityGlobals) = postSolution
		SolutionGuid = {857A00D3-8E17-40F8-BADB-3A9F0BE00BE8}
	EndGlobalSection
EndGlobal
